
Microsoft Visual Studio Solution File, Format Version 12.00
# Visual Studio 2012
Project("{FAE04EC0-301F-11D3-BF4B-00C04F79EFBC}") = "MediCalcToGo", "MediCalcToGo\MediCalcToGo.csproj", "{D9AD659E-5B13-4A2D-837A-864F8178A3AD}"
EndProject
Project("{FAE04EC0-301F-11D3-BF4B-00C04F79EFBC}") = "MediComponents", "..\..\SharedComponents\MediComponents\MediComponents\MediComponents.csproj", "{D71881FD-1791-498D-9E9D-59C6A29AE113}"
EndProject
Global
	GlobalSection(SolutionConfigurationPlatforms) = preSolution
		Debug|Any CPU = Debug|Any CPU
		Debug|ARM = Debug|ARM
		Debug|x86 = Debug|x86
		Release|Any CPU = Release|Any CPU
		Release|ARM = Release|ARM
		Release|x86 = Release|x86
	EndGlobalSection
	GlobalSection(ProjectConfigurationPlatforms) = postSolution
		{D9AD659E-5B13-4A2D-837A-864F8178A3AD}.Debug|Any CPU.ActiveCfg = Debug|Any CPU
		{D9AD659E-5B13-4A2D-837A-864F8178A3AD}.Debug|Any CPU.Build.0 = Debug|Any CPU
		{D9AD659E-5B13-4A2D-837A-864F8178A3AD}.Debug|Any CPU.Deploy.0 = Debug|Any CPU
		{D9AD659E-5B13-4A2D-837A-864F8178A3AD}.Debug|ARM.ActiveCfg = Debug|ARM
		{D9AD659E-5B13-4A2D-837A-864F8178A3AD}.Debug|ARM.Build.0 = Debug|ARM
		{D9AD659E-5B13-4A2D-837A-864F8178A3AD}.Debug|ARM.Deploy.0 = Debug|ARM
		{D9AD659E-5B13-4A2D-837A-864F8178A3AD}.Debug|x86.ActiveCfg = Debug|x86
		{D9AD659E-5B13-4A2D-837A-864F8178A3AD}.Debug|x86.Build.0 = Debug|x86
		{D9AD659E-5B13-4A2D-837A-864F8178A3AD}.Debug|x86.Deploy.0 = Debug|x86
		{D9AD659E-5B13-4A2D-837A-864F8178A3AD}.Release|Any CPU.ActiveCfg = Release|Any CPU
		{D9AD659E-5B13-4A2D-837A-864F8178A3AD}.Release|Any CPU.Build.0 = Release|Any CPU
		{D9AD659E-5B13-4A2D-837A-864F8178A3AD}.Release|Any CPU.Deploy.0 = Release|Any CPU
		{D9AD659E-5B13-4A2D-837A-864F8178A3AD}.Release|ARM.ActiveCfg = Release|ARM
		{D9AD659E-5B13-4A2D-837A-864F8178A3AD}.Release|ARM.Build.0 = Release|ARM
		{D9AD659E-5B13-4A2D-837A-864F8178A3AD}.Release|ARM.Deploy.0 = Release|ARM
		{D9AD659E-5B13-4A2D-837A-864F8178A3AD}.Release|x86.ActiveCfg = Release|x86
		{D9AD659E-5B13-4A2D-837A-864F8178A3AD}.Release|x86.Build.0 = Release|x86
		{D9AD659E-5B13-4A2D-837A-864F8178A3AD}.Release|x86.Deploy.0 = Release|x86
		{D71881FD-1791-498D-9E9D-59C6A29AE113}.Debug|Any CPU.ActiveCfg = Debug|Any CPU
		{D71881FD-1791-498D-9E9D-59C6A29AE113}.Debug|Any CPU.Build.0 = Debug|Any CPU
		{D71881FD-1791-498D-9E9D-59C6A29AE113}.Debug|ARM.ActiveCfg = Debug|Any CPU
		{D71881FD-1791-498D-9E9D-59C6A29AE113}.Debug|x86.ActiveCfg = Debug|Any CPU
		{D71881FD-1791-498D-9E9D-59C6A29AE113}.Release|Any CPU.ActiveCfg = Release|Any CPU
		{D71881FD-1791-498D-9E9D-59C6A29AE113}.Release|Any CPU.Build.0 = Release|Any CPU
		{D71881FD-1791-498D-9E9D-59C6A29AE113}.Release|ARM.ActiveCfg = Release|Any CPU
		{D71881FD-1791-498D-9E9D-59C6A29AE113}.Release|x86.ActiveCfg = Release|Any CPU
	EndGlobalSection
	GlobalSection(SolutionProperties) = preSolution
		HideSolutionNode = FALSE
	EndGlobalSection
EndGlobal
